
Microsoft Visual Studio Solution File, Format Version 12.00
# Visual Studio Version 17
VisualStudioVersion = 17.5.33516.290
MinimumVisualStudioVersion = 10.0.40219.1
Project("{FAE04EC0-301F-11D3-BF4B-00C04F79EFBC}") = "WebAPI", "WebAPI\WebAPI.csproj", "{17507649-D61C-4E89-A42D-DB710E828356}"
EndProject
Project("{FAE04EC0-301F-11D3-BF4B-00C04F79EFBC}") = "Domain", "Domain\Domain.csproj", "{1D9F361C-AB46-4471-8FB4-69A21652AE93}"
EndProject
Project("{FAE04EC0-301F-11D3-BF4B-00C04F79EFBC}") = "Application", "Application\Application.csproj", "{CF80EE9A-F755-4049-A730-25CD3A470381}"
EndProject
Project("{FAE04EC0-301F-11D3-BF4B-00C04F79EFBC}") = "Infrastructure", "Infrastructure\Infrastructure.csproj", "{DA2DE854-E8B9-4D03-BCC0-C86F76CD387D}"
EndProject
Global
	GlobalSection(SolutionConfigurationPlatforms) = preSolution
		Debug|Any CPU = Debug|Any CPU
		Release|Any CPU = Release|Any CPU
	EndGlobalSection
	GlobalSection(ProjectConfigurationPlatforms) = postSolution
		{17507649-D61C-4E89-A42D-DB710E828356}.Debug|Any CPU.ActiveCfg = Debug|Any CPU
		{17507649-D61C-4E89-A42D-DB710E828356}.Debug|Any CPU.Build.0 = Debug|Any CPU
		{17507649-D61C-4E89-A42D-DB710E828356}.Release|Any CPU.ActiveCfg = Release|Any CPU
		{17507649-D61C-4E89-A42D-DB710E828356}.Release|Any CPU.Build.0 = Release|Any CPU
		{1D9F361C-AB46-4471-8FB4-69A21652AE93}.Debug|Any CPU.ActiveCfg = Debug|Any CPU
		{1D9F361C-AB46-4471-8FB4-69A21652AE93}.Debug|Any CPU.Build.0 = Debug|Any CPU
		{1D9F361C-AB46-4471-8FB4-69A21652AE93}.Release|Any CPU.ActiveCfg = Release|Any CPU
		{1D9F361C-AB46-4471-8FB4-69A21652AE93}.Release|Any CPU.Build.0 = Release|Any CPU
		{CF80EE9A-F755-4049-A730-25CD3A470381}.Debug|Any CPU.ActiveCfg = Debug|Any CPU
		{CF80EE9A-F755-4049-A730-25CD3A470381}.Debug|Any CPU.Build.0 = Debug|Any CPU
		{CF80EE9A-F755-4049-A730-25CD3A470381}.Release|Any CPU.ActiveCfg = Release|Any CPU
		{CF80EE9A-F755-4049-A730-25CD3A470381}.Release|Any CPU.Build.0 = Release|Any CPU
		{DA2DE854-E8B9-4D03-BCC0-C86F76CD387D}.Debug|Any CPU.ActiveCfg = Debug|Any CPU
		{DA2DE854-E8B9-4D03-BCC0-C86F76CD387D}.Debug|Any CPU.Build.0 = Debug|Any CPU
		{DA2DE854-E8B9-4D03-BCC0-C86F76CD387D}.Release|Any CPU.ActiveCfg = Release|Any CPU
		{DA2DE854-E8B9-4D03-BCC0-C86F76CD387D}.Release|Any CPU.Build.0 = Release|Any CPU
	EndGlobalSection
	GlobalSection(SolutionProperties) = preSolution
		HideSolutionNode = FALSE
	EndGlobalSection
	GlobalSection(ExtensibilityGlobals) = postSolution
		SolutionGuid = {BA827DE7-651B-496B-B405-44A444055E32}
	EndGlobalSection
EndGlobal
